
Microsoft Visual Studio Solution File, Format Version 12.00
# Visual Studio Version 17
VisualStudioVersion = 17.7.34221.43
MinimumVisualStudioVersion = 10.0.40219.1
Project("{9A19103F-16F7-4668-BE54-9A1E7A4F7556}") = "Classes", "Classes\Classes.csproj", "{24BA9461-4F94-48B6-8CBE-DDD8EDF8FEE2}"
EndProject
Project("{FAE04EC0-301F-11D3-BF4B-00C04F79EFBC}") = "RecapDemo1", "RecapDemo\RecapDemo1.csproj", "{DE7D2791-04F0-4FAE-85EF-08462EFF9576}"
EndProject
Project("{9A19103F-16F7-4668-BE54-9A1E7A4F7556}") = "Interfaces", "Interfaces\Interfaces.csproj", "{5091C4AB-9668-4B39-93AC-2F28C7C859B0}"
EndProject
Project("{9A19103F-16F7-4668-BE54-9A1E7A4F7556}") = "InterfacesDemo", "InterfacesDemo\InterfacesDemo.csproj", "{1936545A-342A-43B1-841D-14405C12F1ED}"
EndProject
Project("{2150E333-8FDC-42A3-9474-1A3956D46DE8}") = "Solution Items", "Solution Items", "{B6678433-4457-4FCC-8956-11B8D6351B8A}"
	ProjectSection(SolutionItems) = preProject
		.editorconfig = .editorconfig
	EndProjectSection
EndProject
Project("{9A19103F-16F7-4668-BE54-9A1E7A4F7556}") = "Inheritance", "Inheritance\Inheritance.csproj", "{DD4A0B39-91D9-4EA2-9F1E-116CDE1310B4}"
EndProject
Global
	GlobalSection(SolutionConfigurationPlatforms) = preSolution
		Debug|Any CPU = Debug|Any CPU
		Release|Any CPU = Release|Any CPU
	EndGlobalSection
	GlobalSection(ProjectConfigurationPlatforms) = postSolution
		{24BA9461-4F94-48B6-8CBE-DDD8EDF8FEE2}.Debug|Any CPU.ActiveCfg = Debug|Any CPU
		{24BA9461-4F94-48B6-8CBE-DDD8EDF8FEE2}.Debug|Any CPU.Build.0 = Debug|Any CPU
		{24BA9461-4F94-48B6-8CBE-DDD8EDF8FEE2}.Release|Any CPU.ActiveCfg = Release|Any CPU
		{24BA9461-4F94-48B6-8CBE-DDD8EDF8FEE2}.Release|Any CPU.Build.0 = Release|Any CPU
		{DE7D2791-04F0-4FAE-85EF-08462EFF9576}.Debug|Any CPU.ActiveCfg = Debug|Any CPU
		{DE7D2791-04F0-4FAE-85EF-08462EFF9576}.Debug|Any CPU.Build.0 = Debug|Any CPU
		{DE7D2791-04F0-4FAE-85EF-08462EFF9576}.Release|Any CPU.ActiveCfg = Release|Any CPU
		{DE7D2791-04F0-4FAE-85EF-08462EFF9576}.Release|Any CPU.Build.0 = Release|Any CPU
		{5091C4AB-9668-4B39-93AC-2F28C7C859B0}.Debug|Any CPU.ActiveCfg = Debug|Any CPU
		{5091C4AB-9668-4B39-93AC-2F28C7C859B0}.Debug|Any CPU.Build.0 = Debug|Any CPU
		{5091C4AB-9668-4B39-93AC-2F28C7C859B0}.Release|Any CPU.ActiveCfg = Release|Any CPU
		{5091C4AB-9668-4B39-93AC-2F28C7C859B0}.Release|Any CPU.Build.0 = Release|Any CPU
		{1936545A-342A-43B1-841D-14405C12F1ED}.Debug|Any CPU.ActiveCfg = Debug|Any CPU
		{1936545A-342A-43B1-841D-14405C12F1ED}.Debug|Any CPU.Build.0 = Debug|Any CPU
		{1936545A-342A-43B1-841D-14405C12F1ED}.Release|Any CPU.ActiveCfg = Release|Any CPU
		{1936545A-342A-43B1-841D-14405C12F1ED}.Release|Any CPU.Build.0 = Release|Any CPU
		{DD4A0B39-91D9-4EA2-9F1E-116CDE1310B4}.Debug|Any CPU.ActiveCfg = Debug|Any CPU
		{DD4A0B39-91D9-4EA2-9F1E-116CDE1310B4}.Debug|Any CPU.Build.0 = Debug|Any CPU
		{DD4A0B39-91D9-4EA2-9F1E-116CDE1310B4}.Release|Any CPU.ActiveCfg = Release|Any CPU
		{DD4A0B39-91D9-4EA2-9F1E-116CDE1310B4}.Release|Any CPU.Build.0 = Release|Any CPU
	EndGlobalSection
	GlobalSection(SolutionProperties) = preSolution
		HideSolutionNode = FALSE
	EndGlobalSection
	GlobalSection(NestedProjects) = preSolution
		{DD4A0B39-91D9-4EA2-9F1E-116CDE1310B4} = {B6678433-4457-4FCC-8956-11B8D6351B8A}
	EndGlobalSection
	GlobalSection(ExtensibilityGlobals) = postSolution
		SolutionGuid = {C38E98C1-2E72-4E76-93CB-F1FF1AED7217}
	EndGlobalSection
EndGlobal
